
Microsoft Visual Studio Solution File, Format Version 12.00
# Visual Studio 15
VisualStudioVersion = 15.0.27130.2036
MinimumVisualStudioVersion = 10.0.40219.1
Project("{FAE04EC0-301F-11D3-BF4B-00C04F79EFBC}") = "ITSE1430.MovieLib.UI", "ITSE1430.MovieLib.UI\ITSE1430.MovieLib.UI.csproj", "{1D1B6178-982B-4363-82FD-FDDA2565C6DE}"
EndProject
Project("{FAE04EC0-301F-11D3-BF4B-00C04F79EFBC}") = "ITSE1430MovieLib", "ITSE1430MovieLib\ITSE1430MovieLib.csproj", "{50E1C765-FF50-4B1A-8875-560565FE5DDA}"
EndProject
Global
	GlobalSection(SolutionConfigurationPlatforms) = preSolution
		Debug|Any CPU = Debug|Any CPU
		Release|Any CPU = Release|Any CPU
	EndGlobalSection
	GlobalSection(ProjectConfigurationPlatforms) = postSolution
		{1D1B6178-982B-4363-82FD-FDDA2565C6DE}.Debug|Any CPU.ActiveCfg = Debug|Any CPU
		{1D1B6178-982B-4363-82FD-FDDA2565C6DE}.Debug|Any CPU.Build.0 = Debug|Any CPU
		{1D1B6178-982B-4363-82FD-FDDA2565C6DE}.Release|Any CPU.ActiveCfg = Release|Any CPU
		{1D1B6178-982B-4363-82FD-FDDA2565C6DE}.Release|Any CPU.Build.0 = Release|Any CPU
		{50E1C765-FF50-4B1A-8875-560565FE5DDA}.Debug|Any CPU.ActiveCfg = Debug|Any CPU
		{50E1C765-FF50-4B1A-8875-560565FE5DDA}.Debug|Any CPU.Build.0 = Debug|Any CPU
		{50E1C765-FF50-4B1A-8875-560565FE5DDA}.Release|Any CPU.ActiveCfg = Release|Any CPU
		{50E1C765-FF50-4B1A-8875-560565FE5DDA}.Release|Any CPU.Build.0 = Release|Any CPU
	EndGlobalSection
	GlobalSection(SolutionProperties) = preSolution
		HideSolutionNode = FALSE
	EndGlobalSection
	GlobalSection(ExtensibilityGlobals) = postSolution
		SolutionGuid = {3C9B846B-06AE-46C9-BB85-D07BE56BD211}
	EndGlobalSection
EndGlobal
